
Microsoft Visual Studio Solution File, Format Version 12.00
# Visual Studio 15
VisualStudioVersion = 15.0.27428.2015
MinimumVisualStudioVersion = 10.0.40219.1
Project("{FAE04EC0-301F-11D3-BF4B-00C04F79EFBC}") = "carousel-gui", "carousel-gui\carousel-gui.csproj", "{D7D73139-F2F5-4B4F-8D20-F6514881063B}"
EndProject
Project("{FAE04EC0-301F-11D3-BF4B-00C04F79EFBC}") = "carousel", "carousel\carousel.csproj", "{990574AB-F778-48FA-BF6D-E15DD9D4484E}"
EndProject
Global
	GlobalSection(SolutionConfigurationPlatforms) = preSolution
		Debug|Any CPU = Debug|Any CPU
		Release|Any CPU = Release|Any CPU
	EndGlobalSection
	GlobalSection(ProjectConfigurationPlatforms) = postSolution
		{D7D73139-F2F5-4B4F-8D20-F6514881063B}.Debug|Any CPU.ActiveCfg = Debug|Any CPU
		{D7D73139-F2F5-4B4F-8D20-F6514881063B}.Debug|Any CPU.Build.0 = Debug|Any CPU
		{D7D73139-F2F5-4B4F-8D20-F6514881063B}.Release|Any CPU.ActiveCfg = Release|Any CPU
		{D7D73139-F2F5-4B4F-8D20-F6514881063B}.Release|Any CPU.Build.0 = Release|Any CPU
		{990574AB-F778-48FA-BF6D-E15DD9D4484E}.Debug|Any CPU.ActiveCfg = Debug|Any CPU
		{990574AB-F778-48FA-BF6D-E15DD9D4484E}.Debug|Any CPU.Build.0 = Debug|Any CPU
		{990574AB-F778-48FA-BF6D-E15DD9D4484E}.Release|Any CPU.ActiveCfg = Release|Any CPU
		{990574AB-F778-48FA-BF6D-E15DD9D4484E}.Release|Any CPU.Build.0 = Release|Any CPU
	EndGlobalSection
	GlobalSection(SolutionProperties) = preSolution
		HideSolutionNode = FALSE
	EndGlobalSection
	GlobalSection(ExtensibilityGlobals) = postSolution
		SolutionGuid = {B4488F4B-A4AD-42EE-8169-6732E62FA994}
	EndGlobalSection
EndGlobal
